{
  "name": "simple-function-example",
  "version": "1.0.0",
  "lockfileVersion": 3,
  "requires": true,
  "packages": {
    "": {
      "name": "simple-function-example",
      "version": "1.0.0",
      "license": "ISC",
      "dependencies": {
        "@massiveinfinity/slo-autometrics": "^1.0.1-mi.3",
        "@massiveinfinity/slo-exporter-prometheus-push-gateway": "^1.0.1-mi.3"
      }
    },
    "../../../research/autometrics-ts/dist/exporter-prometheus": {
      "name": "@massiveinfinity/slo-exporter-prometheus",
      "version": "1.0.1-mi.2",
      "extraneous": true,
      "license": "MIT",
      "dependencies": {
        "@massiveinfinity/slo-autometrics": "1.0.1-mi.2",
        "@opentelemetry/api": "1.7.0",
        "@opentelemetry/core": "1.18.0",
        "@opentelemetry/exporter-prometheus": "0.45.0",
        "@opentelemetry/sdk-metrics": "1.18.0"
      },
      "devDependencies": {
        "@types/node": "^18.6.5"
      },
      "engines": {
        "node": ">=16.0.0"
      }
    },
    "../../../research/autometrics-ts/dist/exporter-prometheus-push-gateawy": {
      "extraneous": true
    },
    "node_modules/@massiveinfinity/slo-autometrics": {
      "version": "1.0.1-mi.3",
      "resolved": "https://registry.npmjs.org/@massiveinfinity/slo-autometrics/-/slo-autometrics-1.0.1-mi.3.tgz",
      "integrity": "sha512-Vo9pgzfhFrPf6xFRNla1mCt5B1QK6qcMiMIFA5NVJj0dTTXxYBm2Ke7Rcs2FGOYSla/Mhe8SmxHcr9bWJ3zLeQ==",
      "dependencies": {
        "@opentelemetry/api": "1.7.0",
        "@opentelemetry/sdk-metrics": "1.18.0"
      },
      "engines": {
        "node": ">=16.0.0"
      }
    },
    "node_modules/@massiveinfinity/slo-exporter-prometheus-push-gateway": {
      "version": "1.0.1-mi.3",
      "resolved": "https://registry.npmjs.org/@massiveinfinity/slo-exporter-prometheus-push-gateway/-/slo-exporter-prometheus-push-gateway-1.0.1-mi.3.tgz",
      "integrity": "sha512-avoDBR85FA3PYTkX1oMEQB9jPBUCQ5Qm0REB5/Xmo/fToR/WE2QKSkHxzbFYPraVWpymidnsfLkIfSxmIgUDmA==",
      "dependencies": {
        "@massiveinfinity/slo-autometrics": "1.0.1-mi.3",
        "@opentelemetry/api": "1.7.0",
        "@opentelemetry/core": "1.18.0",
        "@opentelemetry/exporter-prometheus": "0.45.0",
        "@opentelemetry/sdk-metrics": "1.18.0",
        "node-fetch-native": "^1.4.1"
      },
      "engines": {
        "node": ">=16.0.0"
      }
    },
    "node_modules/@opentelemetry/api": {
      "version": "1.7.0",
      "resolved": "https://registry.npmjs.org/@opentelemetry/api/-/api-1.7.0.tgz",
      "integrity": "sha512-AdY5wvN0P2vXBi3b29hxZgSFvdhdxPB9+f0B6s//P9Q8nibRWeA3cHm8UmLpio9ABigkVHJ5NMPk+Mz8VCCyrw==",
      "engines": {
        "node": ">=8.0.0"
      }
    },
    "node_modules/@opentelemetry/core": {
      "version": "1.18.0",
      "resolved": "https://registry.npmjs.org/@opentelemetry/core/-/core-1.18.0.tgz",
      "integrity": "sha512-PCW0UCIazJRw4Q8m3Z1A20kJqKTCB4Ob02bFjov3sHozspHGnY21O7T8Q20XKe168N4Px+n7Mt4dkcay3fy92Q==",
      "dependencies": {
        "@opentelemetry/semantic-conventions": "1.18.0"
      },
      "engines": {
        "node": ">=14"
      },
      "peerDependencies": {
        "@opentelemetry/api": ">=1.0.0 <1.8.0"
      }
    },
    "node_modules/@opentelemetry/exporter-prometheus": {
      "version": "0.45.0",
      "resolved": "https://registry.npmjs.org/@opentelemetry/exporter-prometheus/-/exporter-prometheus-0.45.0.tgz",
      "integrity": "sha512-lFlNYGoqcX/PrTbjn5fp03cHWxacfiKGtPDNJHdBhz/LebJsnKANJ/5r8iHbQUe3kZq8IecXAaWi9Ckac/er9A==",
      "dependencies": {
        "@opentelemetry/core": "1.18.0",
        "@opentelemetry/resources": "1.18.0",
        "@opentelemetry/sdk-metrics": "1.18.0"
      },
      "engines": {
        "node": ">=14"
      },
      "peerDependencies": {
        "@opentelemetry/api": "^1.3.0"
      }
    },
    "node_modules/@opentelemetry/resources": {
      "version": "1.18.0",
      "resolved": "https://registry.npmjs.org/@opentelemetry/resources/-/resources-1.18.0.tgz",
      "integrity": "sha512-QXdqtTQRl3fVAMu5PSxIev73iaukww/7fW4656pF607ZMAXueRHfdxOBIpGrTvfnv9mcKC3ZwGsIb366JZ2LSQ==",
      "dependencies": {
        "@opentelemetry/core": "1.18.0",
        "@opentelemetry/semantic-conventions": "1.18.0"
      },
      "engines": {
        "node": ">=14"
      },
      "peerDependencies": {
        "@opentelemetry/api": ">=1.0.0 <1.8.0"
      }
    },
    "node_modules/@opentelemetry/sdk-metrics": {
      "version": "1.18.0",
      "resolved": "https://registry.npmjs.org/@opentelemetry/sdk-metrics/-/sdk-metrics-1.18.0.tgz",
      "integrity": "sha512-wK5zdNCo5cJvZog/lsqXCg9/Dt9UeNXQsskgqX8Yz+40t13Kb5CKFFkAMU8tNUxkvidHnD6G6sT6xeVCHQYe4A==",
      "dependencies": {
        "@opentelemetry/core": "1.18.0",
        "@opentelemetry/resources": "1.18.0",
        "lodash.merge": "^4.6.2"
      },
      "engines": {
        "node": ">=14"
      },
      "peerDependencies": {
        "@opentelemetry/api": ">=1.3.0 <1.8.0"
      }
    },
    "node_modules/@opentelemetry/semantic-conventions": {
      "version": "1.18.0",
      "resolved": "https://registry.npmjs.org/@opentelemetry/semantic-conventions/-/semantic-conventions-1.18.0.tgz",
      "integrity": "sha512-Bxtd+h2+rBv3XBHZaoXq133/hzgAQvbl2Kg5a9cG4ozfiUJHC9Xkblt7PrLc9CbzwWQpSxUxWoZJHXT3lUlkOw==",
      "engines": {
        "node": ">=14"
      }
    },
    "node_modules/lodash.merge": {
      "version": "4.6.2",
      "resolved": "https://registry.npmjs.org/lodash.merge/-/lodash.merge-4.6.2.tgz",
      "integrity": "sha512-0KpjqXRVvrYyCsX1swR/XTK0va6VQkQM6MNo7PqW77ByjAhoARA8EfrP1N4+KlKj8YS0ZUCtRT/YUuhyYDujIQ=="
    },
    "node_modules/node-fetch-native": {
      "version": "1.6.4",
      "resolved": "https://registry.npmjs.org/node-fetch-native/-/node-fetch-native-1.6.4.tgz",
      "integrity": "sha512-IhOigYzAKHd244OC0JIMIUrjzctirCmPkaIfhDeGcEETWof5zKYUW7e7MYvChGWh/4CJeXEgsRyGzuF334rOOQ=="
    }
  }
}
