{
  "name": "simple-function-example",
  "version": "1.0.0",
  "lockfileVersion": 3,
  "requires": true,
  "packages": {
    "": {
      "name": "simple-function-example",
      "version": "1.0.0",
      "license": "ISC",
      "dependencies": {
        "@massiveinfinity/slo-autometrics": "file:../../../research/autometrics-ts/dist/autometrics",
        "@massiveinfinity/slo-exporter-prometheus-push-gateway": "file:../../../research/autometrics-ts/dist/exporter-prometheus-push-gateway"
      }
    },
    "../../../research/autometrics-ts/dist/autometrics": {
      "name": "@massiveinfinity/slo-autometrics",
      "version": "1.0.1-mi.2",
      "license": "MIT",
      "dependencies": {
        "@opentelemetry/api": "1.7.0",
        "@opentelemetry/sdk-metrics": "1.18.0"
      },
      "devDependencies": {
        "@types/node": "^18.6.5"
      },
      "engines": {
        "node": ">=16.0.0"
      }
    },
    "../../../research/autometrics-ts/dist/exporter-prometheus": {
      "name": "@massiveinfinity/slo-exporter-prometheus",
      "version": "1.0.1-mi.2",
      "extraneous": true,
      "license": "MIT",
      "dependencies": {
        "@massiveinfinity/slo-autometrics": "1.0.1-mi.2",
        "@opentelemetry/api": "1.7.0",
        "@opentelemetry/core": "1.18.0",
        "@opentelemetry/exporter-prometheus": "0.45.0",
        "@opentelemetry/sdk-metrics": "1.18.0"
      },
      "devDependencies": {
        "@types/node": "^18.6.5"
      },
      "engines": {
        "node": ">=16.0.0"
      }
    },
    "../../../research/autometrics-ts/dist/exporter-prometheus-push-gateawy": {
      "extraneous": true
    },
    "../../../research/autometrics-ts/dist/exporter-prometheus-push-gateway": {
      "name": "@massiveinfinity/slo-exporter-prometheus-push-gateway",
      "version": "1.0.1-mi.2",
      "license": "MIT",
      "dependencies": {
        "@massiveinfinity/slo-autometrics": "1.0.1-mi.2",
        "@opentelemetry/api": "1.7.0",
        "@opentelemetry/core": "1.18.0",
        "@opentelemetry/exporter-prometheus": "0.45.0",
        "@opentelemetry/sdk-metrics": "1.18.0",
        "node-fetch-native": "^1.4.1"
      },
      "devDependencies": {
        "@types/node": "^18.6.5"
      },
      "engines": {
        "node": ">=16.0.0"
      }
    },
    "node_modules/@massiveinfinity/slo-autometrics": {
      "resolved": "../../../research/autometrics-ts/dist/autometrics",
      "link": true
    },
    "node_modules/@massiveinfinity/slo-exporter-prometheus-push-gateway": {
      "resolved": "../../../research/autometrics-ts/dist/exporter-prometheus-push-gateway",
      "link": true
    }
  }
}
